
Microsoft Visual Studio Solution File, Format Version 12.00
# Visual Studio Version 17
VisualStudioVersion = 17.13.35931.197 d17.13
MinimumVisualStudioVersion = 10.0.40219.1
Project("{2150E333-8FDC-42A3-9474-1A3956D46DE8}") = "Core", "Core", "{02EA681E-C7D8-13C7-8484-4AC65E1B71E8}"
EndProject
Project("{2150E333-8FDC-42A3-9474-1A3956D46DE8}") = "Infrastructure", "Infrastructure", "{B5F972C3-9F75-494E-8F0F-46EBD9978030}"
EndProject
Project("{2150E333-8FDC-42A3-9474-1A3956D46DE8}") = "Presentation", "Presentation", "{D1A8B734-CC08-44B7-8D32-4F1309FA2959}"
EndProject
Project("{FAE04EC0-301F-11D3-BF4B-00C04F79EFBC}") = "Domain", "Core\Domain\Domain.csproj", "{273A8482-C388-42A4-98D1-83F617A64FCC}"
EndProject
Project("{FAE04EC0-301F-11D3-BF4B-00C04F79EFBC}") = "Application", "Core\Application\Application.csproj", "{AE62D42E-32ED-4C4D-BFDA-5619A7B34CEE}"
EndProject
Project("{FAE04EC0-301F-11D3-BF4B-00C04F79EFBC}") = "Persistence", "Infrastructure\Persistence\Persistence.csproj", "{684BD585-DC9B-4D91-ADA0-7ACDBE28EFAC}"
EndProject
Project("{FAE04EC0-301F-11D3-BF4B-00C04F79EFBC}") = "Api", "Presentation\Api\Api.csproj", "{4E1ADB7A-8D7E-412C-B794-1B7CAFCBD9DB}"
EndProject
Global
	GlobalSection(SolutionConfigurationPlatforms) = preSolution
		Debug|Any CPU = Debug|Any CPU
		Release|Any CPU = Release|Any CPU
	EndGlobalSection
	GlobalSection(ProjectConfigurationPlatforms) = postSolution
		{273A8482-C388-42A4-98D1-83F617A64FCC}.Debug|Any CPU.ActiveCfg = Debug|Any CPU
		{273A8482-C388-42A4-98D1-83F617A64FCC}.Debug|Any CPU.Build.0 = Debug|Any CPU
		{273A8482-C388-42A4-98D1-83F617A64FCC}.Release|Any CPU.ActiveCfg = Release|Any CPU
		{273A8482-C388-42A4-98D1-83F617A64FCC}.Release|Any CPU.Build.0 = Release|Any CPU
		{AE62D42E-32ED-4C4D-BFDA-5619A7B34CEE}.Debug|Any CPU.ActiveCfg = Debug|Any CPU
		{AE62D42E-32ED-4C4D-BFDA-5619A7B34CEE}.Debug|Any CPU.Build.0 = Debug|Any CPU
		{AE62D42E-32ED-4C4D-BFDA-5619A7B34CEE}.Release|Any CPU.ActiveCfg = Release|Any CPU
		{AE62D42E-32ED-4C4D-BFDA-5619A7B34CEE}.Release|Any CPU.Build.0 = Release|Any CPU
		{684BD585-DC9B-4D91-ADA0-7ACDBE28EFAC}.Debug|Any CPU.ActiveCfg = Debug|Any CPU
		{684BD585-DC9B-4D91-ADA0-7ACDBE28EFAC}.Debug|Any CPU.Build.0 = Debug|Any CPU
		{684BD585-DC9B-4D91-ADA0-7ACDBE28EFAC}.Release|Any CPU.ActiveCfg = Release|Any CPU
		{684BD585-DC9B-4D91-ADA0-7ACDBE28EFAC}.Release|Any CPU.Build.0 = Release|Any CPU
		{4E1ADB7A-8D7E-412C-B794-1B7CAFCBD9DB}.Debug|Any CPU.ActiveCfg = Debug|Any CPU
		{4E1ADB7A-8D7E-412C-B794-1B7CAFCBD9DB}.Debug|Any CPU.Build.0 = Debug|Any CPU
		{4E1ADB7A-8D7E-412C-B794-1B7CAFCBD9DB}.Release|Any CPU.ActiveCfg = Release|Any CPU
		{4E1ADB7A-8D7E-412C-B794-1B7CAFCBD9DB}.Release|Any CPU.Build.0 = Release|Any CPU
	EndGlobalSection
	GlobalSection(SolutionProperties) = preSolution
		HideSolutionNode = FALSE
	EndGlobalSection
	GlobalSection(NestedProjects) = preSolution
		{273A8482-C388-42A4-98D1-83F617A64FCC} = {02EA681E-C7D8-13C7-8484-4AC65E1B71E8}
		{AE62D42E-32ED-4C4D-BFDA-5619A7B34CEE} = {02EA681E-C7D8-13C7-8484-4AC65E1B71E8}
		{684BD585-DC9B-4D91-ADA0-7ACDBE28EFAC} = {B5F972C3-9F75-494E-8F0F-46EBD9978030}
		{4E1ADB7A-8D7E-412C-B794-1B7CAFCBD9DB} = {D1A8B734-CC08-44B7-8D32-4F1309FA2959}
	EndGlobalSection
	GlobalSection(ExtensibilityGlobals) = postSolution
		SolutionGuid = {E803130D-F820-4CBD-9168-3C766E94C47A}
	EndGlobalSection
EndGlobal
